
Microsoft Visual Studio Solution File, Format Version 12.00
# Visual Studio Version 16
VisualStudioVersion = 16.0.30128.36
MinimumVisualStudioVersion = 10.0.40219.1
Project("{9A19103F-16F7-4668-BE54-9A1E7A4F7556}") = "AllSafe.Api", "AllSafe.Api.csproj", "{9486DF0E-7D17-4DF3-AB52-2AF0AC9DAA75}"
EndProject
Project("{9A19103F-16F7-4668-BE54-9A1E7A4F7556}") = "AllSafe.DataAccess", "..\AllSafe.Data\AllSafe.DataAccess.csproj", "{D0DF6F01-420C-4EC7-B405-A832CED12049}"
EndProject
Project("{9A19103F-16F7-4668-BE54-9A1E7A4F7556}") = "AllSafe.Application", "..\AllSafe.Service\AllSafe.Application.csproj", "{5FCD9274-2BF8-413F-ACF3-3ECEB9973E66}"
EndProject
Project("{9A19103F-16F7-4668-BE54-9A1E7A4F7556}") = "AllSafe.Infrastructure", "..\AllSafe.Infrastructure\AllSafe.Infrastructure.csproj", "{20D404F2-9803-41F3-A89C-F433A5FD75AD}"
EndProject
Global
	GlobalSection(SolutionConfigurationPlatforms) = preSolution
		Debug|Any CPU = Debug|Any CPU
		Release|Any CPU = Release|Any CPU
	EndGlobalSection
	GlobalSection(ProjectConfigurationPlatforms) = postSolution
		{9486DF0E-7D17-4DF3-AB52-2AF0AC9DAA75}.Debug|Any CPU.ActiveCfg = Debug|Any CPU
		{9486DF0E-7D17-4DF3-AB52-2AF0AC9DAA75}.Debug|Any CPU.Build.0 = Debug|Any CPU
		{9486DF0E-7D17-4DF3-AB52-2AF0AC9DAA75}.Release|Any CPU.ActiveCfg = Release|Any CPU
		{9486DF0E-7D17-4DF3-AB52-2AF0AC9DAA75}.Release|Any CPU.Build.0 = Release|Any CPU
		{D0DF6F01-420C-4EC7-B405-A832CED12049}.Debug|Any CPU.ActiveCfg = Debug|Any CPU
		{D0DF6F01-420C-4EC7-B405-A832CED12049}.Debug|Any CPU.Build.0 = Debug|Any CPU
		{D0DF6F01-420C-4EC7-B405-A832CED12049}.Release|Any CPU.ActiveCfg = Release|Any CPU
		{D0DF6F01-420C-4EC7-B405-A832CED12049}.Release|Any CPU.Build.0 = Release|Any CPU
		{5FCD9274-2BF8-413F-ACF3-3ECEB9973E66}.Debug|Any CPU.ActiveCfg = Debug|Any CPU
		{5FCD9274-2BF8-413F-ACF3-3ECEB9973E66}.Debug|Any CPU.Build.0 = Debug|Any CPU
		{5FCD9274-2BF8-413F-ACF3-3ECEB9973E66}.Release|Any CPU.ActiveCfg = Release|Any CPU
		{5FCD9274-2BF8-413F-ACF3-3ECEB9973E66}.Release|Any CPU.Build.0 = Release|Any CPU
		{20D404F2-9803-41F3-A89C-F433A5FD75AD}.Debug|Any CPU.ActiveCfg = Debug|Any CPU
		{20D404F2-9803-41F3-A89C-F433A5FD75AD}.Debug|Any CPU.Build.0 = Debug|Any CPU
		{20D404F2-9803-41F3-A89C-F433A5FD75AD}.Release|Any CPU.ActiveCfg = Release|Any CPU
		{20D404F2-9803-41F3-A89C-F433A5FD75AD}.Release|Any CPU.Build.0 = Release|Any CPU
	EndGlobalSection
	GlobalSection(SolutionProperties) = preSolution
		HideSolutionNode = FALSE
	EndGlobalSection
	GlobalSection(ExtensibilityGlobals) = postSolution
		SolutionGuid = {C40B777D-76CD-4D35-8CF0-2B4BE63ACC40}
	EndGlobalSection
EndGlobal
